// !$*UTF8*$!
{
	archiveVersion = 1;
	classes = {
	};
	objectVersion = 46;
	objects = {

/* Begin PBXBuildFile section */
		B226AF8318502069003E6B76 /* Foundation.framework in Frameworks */ = {isa = PBXBuildFile; fileRef = B226AF8218502069003E6B76 /* Foundation.framework */; };
		B226AF8518502069003E6B76 /* CoreGraphics.framework in Frameworks */ = {isa = PBXBuildFile; fileRef = B226AF8418502069003E6B76 /* CoreGraphics.framework */; };
		B226AF8718502069003E6B76 /* UIKit.framework in Frameworks */ = {isa = PBXBuildFile; fileRef = B226AF8618502069003E6B76 /* UIKit.framework */; };
		B226AF8D1850206A003E6B76 /* InfoPlist.strings in Resources */ = {isa = PBXBuildFile; fileRef = B226AF8B1850206A003E6B76 /* InfoPlist.strings */; };
		B226AF8F1850206A003E6B76 /* main.m in Sources */ = {isa = PBXBuildFile; fileRef = B226AF8E1850206A003E6B76 /* main.m */; };
		B226AF931850206A003E6B76 /* AppDelegate.m in Sources */ = {isa = PBXBuildFile; fileRef = B226AF921850206A003E6B76 /* AppDelegate.m */; };
		B226AF951850206A003E6B76 /* Images.xcassets in Resources */ = {isa = PBXBuildFile; fileRef = B226AF941850206A003E6B76 /* Images.xcassets */; };
		B226AF9C1850206B003E6B76 /* XCTest.framework in Frameworks */ = {isa = PBXBuildFile; fileRef = B226AF9B1850206B003E6B76 /* XCTest.framework */; };
		B226AF9D1850206B003E6B76 /* Foundation.framework in Frameworks */ = {isa = PBXBuildFile; fileRef = B226AF8218502069003E6B76 /* Foundation.framework */; };
		B226AF9E1850206B003E6B76 /* UIKit.framework in Frameworks */ = {isa = PBXBuildFile; fileRef = B226AF8618502069003E6B76 /* UIKit.framework */; };
		B226AFA61850206B003E6B76 /* InfoPlist.strings in Resources */ = {isa = PBXBuildFile; fileRef = B226AFA41850206B003E6B76 /* InfoPlist.strings */; };
		B226AFA81850206B003E6B76 /* MapDemoTests.m in Sources */ = {isa = PBXBuildFile; fileRef = B226AFA71850206B003E6B76 /* MapDemoTests.m */; };
		B226AFB2185021C0003E6B76 /* MapKit.framework in Frameworks */ = {isa = PBXBuildFile; fileRef = B226AFB1185021BF003E6B76 /* MapKit.framework */; };
		B226AFB4185021D9003E6B76 /* CoreLocation.framework in Frameworks */ = {isa = PBXBuildFile; fileRef = B226AFB3185021D9003E6B76 /* CoreLocation.framework */; };
/* End PBXBuildFile section */

/* Begin PBXContainerItemProxy section */
		B226AF9F1850206B003E6B76 /* PBXContainerItemProxy */ = {
			isa = PBXContainerItemProxy;
			containerPortal = B226AF7718502068003E6B76 /* Project object */;
			proxyType = 1;
			remoteGlobalIDString = B226AF7E18502069003E6B76;
			remoteInfo = MapDemo;
		};
/* End PBXContainerItemProxy section */

/* Begin PBXFileReference section */
		B226AF7F18502069003E6B76 /* MapDemo.app */ = {isa = PBXFileReference; explicitFileType = wrapper.application; includeInIndex = 0; path = MapDemo.app; sourceTree = BUILT_PRODUCTS_DIR; };
		B226AF8218502069003E6B76 /* Foundation.framework */ = {isa = PBXFileReference; lastKnownFileType = wrapper.framework; name = Foundation.framework; path = System/Library/Frameworks/Foundation.framework; sourceTree = SDKROOT; };
		B226AF8418502069003E6B76 /* CoreGraphics.framework */ = {isa = PBXFileReference; lastKnownFileType = wrapper.framework; name = CoreGraphics.framework; path = System/Library/Frameworks/CoreGraphics.framework; sourceTree = SDKROOT; };
		B226AF8618502069003E6B76 /* UIKit.framework */ = {isa = PBXFileReference; lastKnownFileType = wrapper.framework; name = UIKit.framework; path = System/Library/Frameworks/UIKit.framework; sourceTree = SDKROOT; };
		B226AF8A1850206A003E6B76 /* MapDemo-Info.plist */ = {isa = PBXFileReference; lastKnownFileType = text.plist.xml; path = "MapDemo-Info.plist"; sourceTree = "<group>"; };
		B226AF8C1850206A003E6B76 /* en */ = {isa = PBXFileReference; lastKnownFileType = text.plist.strings; name = en; path = en.lproj/InfoPlist.strings; sourceTree = "<group>"; };
		B226AF8E1850206A003E6B76 /* main.m */ = {isa = PBXFileReference; lastKnownFileType = sourcecode.c.objc; path = main.m; sourceTree = "<group>"; };
		B226AF901850206A003E6B76 /* MapDemo-Prefix.pch */ = {isa = PBXFileReference; lastKnownFileType = sourcecode.c.h; path = "MapDemo-Prefix.pch"; sourceTree = "<group>"; };
		B226AF911850206A003E6B76 /* AppDelegate.h */ = {isa = PBXFileReference; lastKnownFileType = sourcecode.c.h; path = AppDelegate.h; sourceTree = "<group>"; };
		B226AF921850206A003E6B76 /* AppDelegate.m */ = {isa = PBXFileReference; lastKnownFileType = sourcecode.c.objc; path = AppDelegate.m; sourceTree = "<group>"; };
		B226AF941850206A003E6B76 /* Images.xcassets */ = {isa = PBXFileReference; lastKnownFileType = folder.assetcatalog; path = Images.xcassets; sourceTree = "<group>"; };
		B226AF9A1850206B003E6B76 /* MapDemoTests.xctest */ = {isa = PBXFileReference; explicitFileType = wrapper.cfbundle; includeInIndex = 0; path = MapDemoTests.xctest; sourceTree = BUILT_PRODUCTS_DIR; };
		B226AF9B1850206B003E6B76 /* XCTest.framework */ = {isa = PBXFileReference; lastKnownFileType = wrapper.framework; name = XCTest.framework; path = Library/Frameworks/XCTest.framework; sourceTree = DEVELOPER_DIR; };
		B226AFA31850206B003E6B76 /* MapDemoTests-Info.plist */ = {isa = PBXFileReference; lastKnownFileType = text.plist.xml; path = "MapDemoTests-Info.plist"; sourceTree = "<group>"; };
		B226AFA51850206B003E6B76 /* en */ = {isa = PBXFileReference; lastKnownFileType = text.plist.strings; name = en; path = en.lproj/InfoPlist.strings; sourceTree = "<group>"; };
		B226AFA71850206B003E6B76 /* MapDemoTests.m */ = {isa = PBXFileReference; lastKnownFileType = sourcecode.c.objc; path = MapDemoTests.m; sourceTree = "<group>"; };
		B226AFB1185021BF003E6B76 /* MapKit.framework */ = {isa = PBXFileReference; lastKnownFileType = wrapper.framework; name = MapKit.framework; path = System/Library/Frameworks/MapKit.framework; sourceTree = SDKROOT; };
		B226AFB3185021D9003E6B76 /* CoreLocation.framework */ = {isa = PBXFileReference; lastKnownFileType = wrapper.framework; name = CoreLocation.framework; path = System/Library/Frameworks/CoreLocation.framework; sourceTree = SDKROOT; };
/* End PBXFileReference section */

/* Begin PBXFrameworksBuildPhase section */
		B226AF7C18502069003E6B76 /* Frameworks */ = {
			isa = PBXFrameworksBuildPhase;
			buildActionMask = 2147483647;
			files = (
				B226AFB4185021D9003E6B76 /* CoreLocation.framework in Frameworks */,
				B226AFB2185021C0003E6B76 /* MapKit.framework in Frameworks */,
				B226AF8518502069003E6B76 /* CoreGraphics.framework in Frameworks */,
				B226AF8718502069003E6B76 /* UIKit.framework in Frameworks */,
				B226AF8318502069003E6B76 /* Foundation.framework in Frameworks */,
			);
			runOnlyForDeploymentPostprocessing = 0;
		};
		B226AF971850206B003E6B76 /* Frameworks */ = {
			isa = PBXFrameworksBuildPhase;
			buildActionMask = 2147483647;
			files = (
				B226AF9C1850206B003E6B76 /* XCTest.framework in Frameworks */,
				B226AF9E1850206B003E6B76 /* UIKit.framework in Frameworks */,
				B226AF9D1850206B003E6B76 /* Foundation.framework in Frameworks */,
			);
			runOnlyForDeploymentPostprocessing = 0;
		};
/* End PBXFrameworksBuildPhase section */

/* Begin PBXGroup section */
		B226AF7618502068003E6B76 = {
			isa = PBXGroup;
			children = (
				B226AF8818502069003E6B76 /* MapDemo */,
				B226AFA11850206B003E6B76 /* MapDemoTests */,
				B226AF8118502069003E6B76 /* Frameworks */,
				B226AF8018502069003E6B76 /* Products */,
			);
			sourceTree = "<group>";
		};
		B226AF8018502069003E6B76 /* Products */ = {
			isa = PBXGroup;
			children = (
				B226AF7F18502069003E6B76 /* MapDemo.app */,
				B226AF9A1850206B003E6B76 /* MapDemoTests.xctest */,
			);
			name = Products;
			sourceTree = "<group>";
		};
		B226AF8118502069003E6B76 /* Frameworks */ = {
			isa = PBXGroup;
			children = (
				B226AFB3185021D9003E6B76 /* CoreLocation.framework */,
				B226AFB1185021BF003E6B76 /* MapKit.framework */,
				B226AF8218502069003E6B76 /* Foundation.framework */,
				B226AF8418502069003E6B76 /* CoreGraphics.framework */,
				B226AF8618502069003E6B76 /* UIKit.framework */,
				B226AF9B1850206B003E6B76 /* XCTest.framework */,
			);
			name = Frameworks;
			sourceTree = "<group>";
		};
		B226AF8818502069003E6B76 /* MapDemo */ = {
			isa = PBXGroup;
			children = (
				B226AF911850206A003E6B76 /* AppDelegate.h */,
				B226AF921850206A003E6B76 /* AppDelegate.m */,
				B226AF941850206A003E6B76 /* Images.xcassets */,
				B226AF8918502069003E6B76 /* Supporting Files */,
			);
			path = MapDemo;
			sourceTree = "<group>";
		};
		B226AF8918502069003E6B76 /* Supporting Files */ = {
			isa = PBXGroup;
			children = (
				B226AF8A1850206A003E6B76 /* MapDemo-Info.plist */,
				B226AF8B1850206A003E6B76 /* InfoPlist.strings */,
				B226AF8E1850206A003E6B76 /* main.m */,
				B226AF901850206A003E6B76 /* MapDemo-Prefix.pch */,
			);
			name = "Supporting Files";
			sourceTree = "<group>";
		};
		B226AFA11850206B003E6B76 /* MapDemoTests */ = {
			isa = PBXGroup;
			children = (
				B226AFA71850206B003E6B76 /* MapDemoTests.m */,
				B226AFA21850206B003E6B76 /* Supporting Files */,
			);
			path = MapDemoTests;
			sourceTree = "<group>";
		};
		B226AFA21850206B003E6B76 /* Supporting Files */ = {
			isa = PBXGroup;
			children = (
				B226AFA31850206B003E6B76 /* MapDemoTests-Info.plist */,
				B226AFA41850206B003E6B76 /* InfoPlist.strings */,
			);
			name = "Supporting Files";
			sourceTree = "<group>";
		};
/* End PBXGroup section */

/* Begin PBXNativeTarget section */
		B226AF7E18502069003E6B76 /* MapDemo */ = {
			isa = PBXNativeTarget;
			buildConfigurationList = B226AFAB1850206B003E6B76 /* Build configuration list for PBXNativeTarget "MapDemo" */;
			buildPhases = (
				B226AF7B18502069003E6B76 /* Sources */,
				B226AF7C18502069003E6B76 /* Frameworks */,
				B226AF7D18502069003E6B76 /* Resources */,
			);
			buildRules = (
			);
			dependencies = (
			);
			name = MapDemo;
			productName = MapDemo;
			productReference = B226AF7F18502069003E6B76 /* MapDemo.app */;
			productType = "com.apple.product-type.application";
		};
		B226AF991850206B003E6B76 /* MapDemoTests */ = {
			isa = PBXNativeTarget;
			buildConfigurationList = B226AFAE1850206B003E6B76 /* Build configuration list for PBXNativeTarget "MapDemoTests" */;
			buildPhases = (
				B226AF961850206B003E6B76 /* Sources */,
				B226AF971850206B003E6B76 /* Frameworks */,
				B226AF981850206B003E6B76 /* Resources */,
			);
			buildRules = (
			);
			dependencies = (
				B226AFA01850206B003E6B76 /* PBXTargetDependency */,
			);
			name = MapDemoTests;
			productName = MapDemoTests;
			productReference = B226AF9A1850206B003E6B76 /* MapDemoTests.xctest */;
			productType = "com.apple.product-type.bundle.unit-test";
		};
/* End PBXNativeTarget section */

/* Begin PBXProject section */
		B226AF7718502068003E6B76 /* Project object */ = {
			isa = PBXProject;
			attributes = {
				LastUpgradeCheck = 0500;
				ORGANIZATIONNAME = "Alain Malenfant";
				TargetAttributes = {
					B226AF991850206B003E6B76 = {
						TestTargetID = B226AF7E18502069003E6B76;
					};
				};
			};
			buildConfigurationList = B226AF7A18502068003E6B76 /* Build configuration list for PBXProject "MapDemo" */;
			compatibilityVersion = "Xcode 3.2";
			developmentRegion = English;
			hasScannedForEncodings = 0;
			knownRegions = (
				en,
			);
			mainGroup = B226AF7618502068003E6B76;
			productRefGroup = B226AF8018502069003E6B76 /* Products */;
			projectDirPath = "";
			projectRoot = "";
			targets = (
				B226AF7E18502069003E6B76 /* MapDemo */,
				B226AF991850206B003E6B76 /* MapDemoTests */,
			);
		};
/* End PBXProject section */

/* Begin PBXResourcesBuildPhase section */
		B226AF7D18502069003E6B76 /* Resources */ = {
			isa = PBXResourcesBuildPhase;
			buildActionMask = 2147483647;
			files = (
				B226AF8D1850206A003E6B76 /* InfoPlist.strings in Resources */,
				B226AF951850206A003E6B76 /* Images.xcassets in Resources */,
			);
			runOnlyForDeploymentPostprocessing = 0;
		};
		B226AF981850206B003E6B76 /* Resources */ = {
			isa = PBXResourcesBuildPhase;
			buildActionMask = 2147483647;
			files = (
				B226AFA61850206B003E6B76 /* InfoPlist.strings in Resources */,
			);
			runOnlyForDeploymentPostprocessing = 0;
		};
/* End PBXResourcesBuildPhase section */

/* Begin PBXSourcesBuildPhase section */
		B226AF7B18502069003E6B76 /* Sources */ = {
			isa = PBXSourcesBuildPhase;
			buildActionMask = 2147483647;
			files = (
				B226AF931850206A003E6B76 /* AppDelegate.m in Sources */,
				B226AF8F1850206A003E6B76 /* main.m in Sources */,
			);
			runOnlyForDeploymentPostprocessing = 0;
		};
		B226AF961850206B003E6B76 /* Sources */ = {
			isa = PBXSourcesBuildPhase;
			buildActionMask = 2147483647;
			files = (
				B226AFA81850206B003E6B76 /* MapDemoTests.m in Sources */,
			);
			runOnlyForDeploymentPostprocessing = 0;
		};
/* End PBXSourcesBuildPhase section */

/* Begin PBXTargetDependency section */
		B226AFA01850206B003E6B76 /* PBXTargetDependency */ = {
			isa = PBXTargetDependency;
			target = B226AF7E18502069003E6B76 /* MapDemo */;
			targetProxy = B226AF9F1850206B003E6B76 /* PBXContainerItemProxy */;
		};
/* End PBXTargetDependency section */

/* Begin PBXVariantGroup section */
		B226AF8B1850206A003E6B76 /* InfoPlist.strings */ = {
			isa = PBXVariantGroup;
			children = (
				B226AF8C1850206A003E6B76 /* en */,
			);
			name = InfoPlist.strings;
			sourceTree = "<group>";
		};
		B226AFA41850206B003E6B76 /* InfoPlist.strings */ = {
			isa = PBXVariantGroup;
			children = (
				B226AFA51850206B003E6B76 /* en */,
			);
			name = InfoPlist.strings;
			sourceTree = "<group>";
		};
/* End PBXVariantGroup section */

/* Begin XCBuildConfiguration section */
		B226AFA91850206B003E6B76 /* Debug */ = {
			isa = XCBuildConfiguration;
			buildSettings = {
				ALWAYS_SEARCH_USER_PATHS = NO;
				ARCHS = "$(ARCHS_STANDARD_INCLUDING_64_BIT)";
				CLANG_CXX_LANGUAGE_STANDARD = "gnu++0x";
				CLANG_CXX_LIBRARY = "libc++";
				CLANG_ENABLE_MODULES = YES;
				CLANG_ENABLE_OBJC_ARC = YES;
				CLANG_WARN_BOOL_CONVERSION = YES;
				CLANG_WARN_CONSTANT_CONVERSION = YES;
				CLANG_WARN_DIRECT_OBJC_ISA_USAGE = YES_ERROR;
				CLANG_WARN_EMPTY_BODY = YES;
				CLANG_WARN_ENUM_CONVERSION = YES;
				CLANG_WARN_INT_CONVERSION = YES;
				CLANG_WARN_OBJC_ROOT_CLASS = YES_ERROR;
				CLANG_WARN__DUPLICATE_METHOD_MATCH = YES;
				"CODE_SIGN_IDENTITY[sdk=iphoneos*]" = "iPhone Developer";
				COPY_PHASE_STRIP = NO;
				GCC_C_LANGUAGE_STANDARD = gnu99;
				GCC_DYNAMIC_NO_PIC = NO;
				GCC_OPTIMIZATION_LEVEL = 0;
				GCC_PREPROCESSOR_DEFINITIONS = (
					"DEBUG=1",
					"$(inherited)",
				);
				GCC_SYMBOLS_PRIVATE_EXTERN = NO;
				GCC_WARN_64_TO_32_BIT_CONVERSION = YES;
				GCC_WARN_ABOUT_RETURN_TYPE = YES_ERROR;
				GCC_WARN_UNDECLARED_SELECTOR = YES;
				GCC_WARN_UNINITIALIZED_AUTOS = YES;
				GCC_WARN_UNUSED_FUNCTION = YES;
				GCC_WARN_UNUSED_VARIABLE = YES;
				IPHONEOS_DEPLOYMENT_TARGET = 7.0;
				ONLY_ACTIVE_ARCH = YES;
				SDKROOT = iphoneos;
			};
			name = Debug;
		};
		B226AFAA1850206B003E6B76 /* Release */ = {
			isa = XCBuildConfiguration;
			buildSettings = {
				ALWAYS_SEARCH_USER_PATHS = NO;
				ARCHS = "$(ARCHS_STANDARD_INCLUDING_64_BIT)";
				CLANG_CXX_LANGUAGE_STANDARD = "gnu++0x";
				CLANG_CXX_LIBRARY = "libc++";
				CLANG_ENABLE_MODULES = YES;
				CLANG_ENABLE_OBJC_ARC = YES;
				CLANG_WARN_BOOL_CONVERSION = YES;
				CLANG_WARN_CONSTANT_CONVERSION = YES;
				CLANG_WARN_DIRECT_OBJC_ISA_USAGE = YES_ERROR;
				CLANG_WARN_EMPTY_BODY = YES;
				CLANG_WARN_ENUM_CONVERSION = YES;
				CLANG_WARN_INT_CONVERSION = YES;
				CLANG_WARN_OBJC_ROOT_CLASS = YES_ERROR;
				CLANG_WARN__DUPLICATE_METHOD_MATCH = YES;
				"CODE_SIGN_IDENTITY[sdk=iphoneos*]" = "iPhone Developer";
				COPY_PHASE_STRIP = YES;
				ENABLE_NS_ASSERTIONS = NO;
				GCC_C_LANGUAGE_STANDARD = gnu99;
				GCC_WARN_64_TO_32_BIT_CONVERSION = YES;
				GCC_WARN_ABOUT_RETURN_TYPE = YES_ERROR;
				GCC_WARN_UNDECLARED_SELECTOR = YES;
				GCC_WARN_UNINITIALIZED_AUTOS = YES;
				GCC_WARN_UNUSED_FUNCTION = YES;
				GCC_WARN_UNUSED_VARIABLE = YES;
				IPHONEOS_DEPLOYMENT_TARGET = 7.0;
				SDKROOT = iphoneos;
				VALIDATE_PRODUCT = YES;
			};
			name = Release;
		};
		B226AFAC1850206B003E6B76 /* Debug */ = {
			isa = XCBuildConfiguration;
			buildSettings = {
				ASSETCATALOG_COMPILER_APPICON_NAME = AppIcon;
				ASSETCATALOG_COMPILER_LAUNCHIMAGE_NAME = LaunchImage;
				GCC_PRECOMPILE_PREFIX_HEADER = YES;
				GCC_PREFIX_HEADER = "MapDemo/MapDemo-Prefix.pch";
				INFOPLIST_FILE = "MapDemo/MapDemo-Info.plist";
				PRODUCT_NAME = "$(TARGET_NAME)";
				WRAPPER_EXTENSION = app;
			};
			name = Debug;
		};
		B226AFAD1850206B003E6B76 /* Release */ = {
			isa = XCBuildConfiguration;
			buildSettings = {
				ASSETCATALOG_COMPILER_APPICON_NAME = AppIcon;
				ASSETCATALOG_COMPILER_LAUNCHIMAGE_NAME = LaunchImage;
				GCC_PRECOMPILE_PREFIX_HEADER = YES;
				GCC_PREFIX_HEADER = "MapDemo/MapDemo-Prefix.pch";
				INFOPLIST_FILE = "MapDemo/MapDemo-Info.plist";
				PRODUCT_NAME = "$(TARGET_NAME)";
				WRAPPER_EXTENSION = app;
			};
			name = Release;
		};
		B226AFAF1850206B003E6B76 /* Debug */ = {
			isa = XCBuildConfiguration;
			buildSettings = {
				ARCHS = "$(ARCHS_STANDARD_INCLUDING_64_BIT)";
				BUNDLE_LOADER = "$(BUILT_PRODUCTS_DIR)/MapDemo.app/MapDemo";
				FRAMEWORK_SEARCH_PATHS = (
					"$(SDKROOT)/Developer/Library/Frameworks",
					"$(inherited)",
					"$(DEVELOPER_FRAMEWORKS_DIR)",
				);
				GCC_PRECOMPILE_PREFIX_HEADER = YES;
				GCC_PREFIX_HEADER = "MapDemo/MapDemo-Prefix.pch";
				GCC_PREPROCESSOR_DEFINITIONS = (
					"DEBUG=1",
					"$(inherited)",
				);
				INFOPLIST_FILE = "MapDemoTests/MapDemoTests-Info.plist";
				PRODUCT_NAME = "$(TARGET_NAME)";
				TEST_HOST = "$(BUNDLE_LOADER)";
				WRAPPER_EXTENSION = xctest;
			};
			name = Debug;
		};
		B226AFB01850206B003E6B76 /* Release */ = {
			isa = XCBuildConfiguration;
			buildSettings = {
				ARCHS = "$(ARCHS_STANDARD_INCLUDING_64_BIT)";
				BUNDLE_LOADER = "$(BUILT_PRODUCTS_DIR)/MapDemo.app/MapDemo";
				FRAMEWORK_SEARCH_PATHS = (
					"$(SDKROOT)/Developer/Library/Frameworks",
					"$(inherited)",
					"$(DEVELOPER_FRAMEWORKS_DIR)",
				);
				GCC_PRECOMPILE_PREFIX_HEADER = YES;
				GCC_PREFIX_HEADER = "MapDemo/MapDemo-Prefix.pch";
				INFOPLIST_FILE = "MapDemoTests/MapDemoTests-Info.plist";
				PRODUCT_NAME = "$(TARGET_NAME)";
				TEST_HOST = "$(BUNDLE_LOADER)";
				WRAPPER_EXTENSION = xctest;
			};
			name = Release;
		};
/* End XCBuildConfiguration section */

/* Begin XCConfigurationList section */
		B226AF7A18502068003E6B76 /* Build configuration list for PBXProject "MapDemo" */ = {
			isa = XCConfigurationList;
			buildConfigurations = (
				B226AFA91850206B003E6B76 /* Debug */,
				B226AFAA1850206B003E6B76 /* Release */,
			);
			defaultConfigurationIsVisible = 0;
			defaultConfigurationName = Release;
		};
		B226AFAB1850206B003E6B76 /* Build configuration list for PBXNativeTarget "MapDemo" */ = {
			isa = XCConfigurationList;
			buildConfigurations = (
				B226AFAC1850206B003E6B76 /* Debug */,
				B226AFAD1850206B003E6B76 /* Release */,
			);
			defaultConfigurationIsVisible = 0;
		};
		B226AFAE1850206B003E6B76 /* Build configuration list for PBXNativeTarget "MapDemoTests" */ = {
			isa = XCConfigurationList;
			buildConfigurations = (
				B226AFAF1850206B003E6B76 /* Debug */,
				B226AFB01850206B003E6B76 /* Release */,
			);
			defaultConfigurationIsVisible = 0;
		};
/* End XCConfigurationList section */
	};
	rootObject = B226AF7718502068003E6B76 /* Project object */;
}
